dependencies:
- name: iiif
  repository: https://bossanova.jfrog.io/bossanova/charts
  version: 0.2.1
- name: papertrail-registration-job
  repository: https://bossanova.jfrog.io/bossanova/charts
  version: 0.2.1
digest: sha256:bda2834f5b32e01700720424de41ef607c27efe4a9d09e2c4fe0f7ad882c372e
generated: 2018-02-02T13:17:50.713649017-05:00
