dependencies:
- name: iiif
  repository: https://bossanova.jfrog.io/bossanova/charts
  version: 0.2.2
- name: papertrail-registration-job
  repository: https://bossanova.jfrog.io/bossanova/charts
  version: 0.2.1
digest: sha256:c9c8c98305fd860fd79c914c7b0bc09d78206840f947ff2930cf9c784859df77
generated: 2018-02-15T15:28:51.383621129-05:00
