dependencies:
- name: vault-init-container
  repository: https://bossanova.jfrog.io/bossanova/charts
  version: 0.1.0
- name: papertrail-registration-job
  repository: https://bossanova.jfrog.io/bossanova/charts
  version: 0.2.1
digest: sha256:9d40ba56a8a60a5bb0e80911c98c4bd8e344bf753f53cad1bdeee03b4931520b
generated: 2018-02-02T12:44:43.631891517-05:00
