dependencies:
- name: vault-init-container
  repository: https://bossanova.jfrog.io/bossanova/charts
  version: 0.1.1
- name: papertrail-registration-job
  repository: https://bossanova.jfrog.io/bossanova/charts
  version: 0.2.2
- name: common
  repository: https://kubernetes-charts-incubator.storage.googleapis.com/
  version: 0.0.1
- name: postgres-migration-job
  repository: https://bossanova.jfrog.io/bossanova/charts
  version: 0.0.1
digest: sha256:8369e6222f3cae13421c70d6f9cb1b720a6fd00cdae89b0cb200813f12121b0d
generated: 2018-06-18T13:54:26.299384924-04:00
