dependencies:
- name: vault-init-container
  repository: https://bossanova.jfrog.io/bossanova/charts
  version: 0.1.2
- name: papertrail-registration-job
  repository: https://bossanova.jfrog.io/bossanova/charts
  version: 0.2.5
- name: common
  repository: https://kubernetes-charts-incubator.storage.googleapis.com/
  version: 0.0.3
- name: postgres-migration-job
  repository: https://bossanova.jfrog.io/bossanova/charts
  version: 0.0.3
digest: sha256:3bb9b7a97ed43cba02c3a1187566a86ad4f3619a09d7cf0f0213f9b3c1e0d99b
generated: 2018-08-16T15:39:43.111908175-04:00
