dependencies:
- name: vault-init-container
  repository: https://bossanova.jfrog.io/bossanova/charts
  version: 0.1.2
- name: papertrail-registration-job
  repository: https://bossanova.jfrog.io/bossanova/charts
  version: 0.2.5
- name: common
  repository: https://kubernetes-charts-incubator.storage.googleapis.com/
  version: 0.0.3
digest: sha256:eb002453bc145d0ceff8f24a33ff01881e858e3d73ba17693d204e3d9fa220e2
generated: 2018-08-07T15:11:02.825251601-04:00
