dependencies:
- name: common
  repository: https://kubernetes-charts-incubator.storage.googleapis.com/
  version: 0.0.3
- name: vault-init-container
  repository: https://bossanova.jfrog.io/bossanova/charts
  version: 0.1.2
- name: papertrail-registration-job
  repository: https://bossanova.jfrog.io/bossanova/charts
  version: 0.2.5
- name: postgres-migration-job
  repository: https://bossanova.jfrog.io/bossanova/charts
  version: 0.0.3
digest: sha256:cd2779d324fbce22b6361952db08fc03fcb6a24db7b88277427f6f5530d7fa88
generated: 2018-08-07T15:04:51.674515702-04:00
